
Microsoft Visual Studio Solution File, Format Version 12.00
# Visual Studio Version 17
VisualStudioVersion = 17.9.34728.123
MinimumVisualStudioVersion = 10.0.40219.1
Project("{9A19103F-16F7-4668-BE54-9A1E7A4F7556}") = "QIMSchoolProHostelService", "QIMSchoolProHostelService\QIMSchoolProHostelService.csproj", "{C3475B84-B531-42D4-A488-63601CA69A26}"
EndProject
Project("{2150E333-8FDC-42A3-9474-1A3956D46DE8}") = "src", "src", "{9B177BF5-EA18-4032-B931-CF8D1828073C}"
EndProject
Project("{2150E333-8FDC-42A3-9474-1A3956D46DE8}") = "Core", "Core", "{E30982CA-C935-4289-9639-2A0A311DD4A4}"
EndProject
Project("{2150E333-8FDC-42A3-9474-1A3956D46DE8}") = "Infrastructure", "Infrastructure", "{8600B88A-1E00-4CF7-A3FF-56C63408F9A3}"
EndProject
Project("{2150E333-8FDC-42A3-9474-1A3956D46DE8}") = "Presentation", "Presentation", "{D40C1FB2-C92E-4797-8765-680F9705E4E5}"
EndProject
Project("{2150E333-8FDC-42A3-9474-1A3956D46DE8}") = "Shared", "Shared", "{B55F17BB-8253-4F0E-AFA6-F7A7224B9DD2}"
EndProject
Project("{9A19103F-16F7-4668-BE54-9A1E7A4F7556}") = "QIMSchoolPro.Hostel.Application", "QIMSchoolPro.Hostel.Application\QIMSchoolPro.Hostel.Application.csproj", "{F7A196D5-49A9-4A50-BDFB-42120C6E0C47}"
EndProject
Project("{9A19103F-16F7-4668-BE54-9A1E7A4F7556}") = "QIMSchoolPro.Hostel.Domain", "QIMSchoolPro.Hostel.Domain\QIMSchoolPro.Hostel.Domain.csproj", "{72F677A9-78F9-4B56-BD80-9AA8CF2CC884}"
EndProject
Project("{9A19103F-16F7-4668-BE54-9A1E7A4F7556}") = "QIMSchoolPro.Hostel.Processors", "QIMSchoolPro.Hostel.Processors\QIMSchoolPro.Hostel.Processors.csproj", "{F2C22B0B-32AE-47B1-A208-9F035BC6AB15}"
EndProject
Project("{9A19103F-16F7-4668-BE54-9A1E7A4F7556}") = "QIMSchoolPro.Hostel.Infrastructure", "QIMSchoolPro.Hostel.Infrastructure\QIMSchoolPro.Hostel.Infrastructure.csproj", "{28A0ADFF-BD7C-43DC-B83E-C11E026A8C22}"
EndProject
Project("{9A19103F-16F7-4668-BE54-9A1E7A4F7556}") = "QIMSchoolPro.Hostel.Persistence", "QIMSchoolPro.Hostel.Persistence\QIMSchoolPro.Hostel.Persistence.csproj", "{E4F0A39E-1557-4808-9D6E-8220E96F87A0}"
EndProject
Project("{9A19103F-16F7-4668-BE54-9A1E7A4F7556}") = "Qface.Application.Shared", "Qface.Application.Shared\Qface.Application.Shared.csproj", "{69FF09AC-D1A7-4E31-88AA-17951E3152AF}"
EndProject
Project("{9A19103F-16F7-4668-BE54-9A1E7A4F7556}") = "Qface.Domain.Shared", "Qface.Domain.Shared\Qface.Domain.Shared.csproj", "{3D257B9B-2299-4C9D-AAD2-902CA6EE61DB}"
EndProject
Project("{9A19103F-16F7-4668-BE54-9A1E7A4F7556}") = "Qface.Persistence.EntityFrameworkExtensions", "Qface.Persistence.EntityFrameworkExtensions\Qface.Persistence.EntityFrameworkExtensions.csproj", "{4E49A68A-A1D1-4F75-A5DE-A1F878C93AAB}"
EndProject
Project("{9A19103F-16F7-4668-BE54-9A1E7A4F7556}") = "Qsmart.EventBus.Shared", "Qsmart.EventBus.Shared\Qsmart.EventBus.Shared.csproj", "{ACEF0369-C55C-4CF2-8A41-D1934703581E}"
EndProject
Project("{FAE04EC0-301F-11D3-BF4B-00C04F79EFBC}") = "Qface.Extension.Shared", "Qface.Extension.Shared\Qface.Extension.Shared.csproj", "{FCC6277D-F8F4-484B-96A5-1EF308A70621}"
EndProject
Global
	GlobalSection(SolutionConfigurationPlatforms) = preSolution
		Debug|Any CPU = Debug|Any CPU
		Release|Any CPU = Release|Any CPU
	EndGlobalSection
	GlobalSection(ProjectConfigurationPlatforms) = postSolution
		{C3475B84-B531-42D4-A488-63601CA69A26}.Debug|Any CPU.ActiveCfg = Debug|Any CPU
		{C3475B84-B531-42D4-A488-63601CA69A26}.Debug|Any CPU.Build.0 = Debug|Any CPU
		{C3475B84-B531-42D4-A488-63601CA69A26}.Release|Any CPU.ActiveCfg = Release|Any CPU
		{C3475B84-B531-42D4-A488-63601CA69A26}.Release|Any CPU.Build.0 = Release|Any CPU
		{F7A196D5-49A9-4A50-BDFB-42120C6E0C47}.Debug|Any CPU.ActiveCfg = Debug|Any CPU
		{F7A196D5-49A9-4A50-BDFB-42120C6E0C47}.Debug|Any CPU.Build.0 = Debug|Any CPU
		{F7A196D5-49A9-4A50-BDFB-42120C6E0C47}.Release|Any CPU.ActiveCfg = Release|Any CPU
		{F7A196D5-49A9-4A50-BDFB-42120C6E0C47}.Release|Any CPU.Build.0 = Release|Any CPU
		{72F677A9-78F9-4B56-BD80-9AA8CF2CC884}.Debug|Any CPU.ActiveCfg = Debug|Any CPU
		{72F677A9-78F9-4B56-BD80-9AA8CF2CC884}.Debug|Any CPU.Build.0 = Debug|Any CPU
		{72F677A9-78F9-4B56-BD80-9AA8CF2CC884}.Release|Any CPU.ActiveCfg = Release|Any CPU
		{72F677A9-78F9-4B56-BD80-9AA8CF2CC884}.Release|Any CPU.Build.0 = Release|Any CPU
		{F2C22B0B-32AE-47B1-A208-9F035BC6AB15}.Debug|Any CPU.ActiveCfg = Debug|Any CPU
		{F2C22B0B-32AE-47B1-A208-9F035BC6AB15}.Debug|Any CPU.Build.0 = Debug|Any CPU
		{F2C22B0B-32AE-47B1-A208-9F035BC6AB15}.Release|Any CPU.ActiveCfg = Release|Any CPU
		{F2C22B0B-32AE-47B1-A208-9F035BC6AB15}.Release|Any CPU.Build.0 = Release|Any CPU
		{28A0ADFF-BD7C-43DC-B83E-C11E026A8C22}.Debug|Any CPU.ActiveCfg = Debug|Any CPU
		{28A0ADFF-BD7C-43DC-B83E-C11E026A8C22}.Debug|Any CPU.Build.0 = Debug|Any CPU
		{28A0ADFF-BD7C-43DC-B83E-C11E026A8C22}.Release|Any CPU.ActiveCfg = Release|Any CPU
		{28A0ADFF-BD7C-43DC-B83E-C11E026A8C22}.Release|Any CPU.Build.0 = Release|Any CPU
		{E4F0A39E-1557-4808-9D6E-8220E96F87A0}.Debug|Any CPU.ActiveCfg = Debug|Any CPU
		{E4F0A39E-1557-4808-9D6E-8220E96F87A0}.Debug|Any CPU.Build.0 = Debug|Any CPU
		{E4F0A39E-1557-4808-9D6E-8220E96F87A0}.Release|Any CPU.ActiveCfg = Release|Any CPU
		{E4F0A39E-1557-4808-9D6E-8220E96F87A0}.Release|Any CPU.Build.0 = Release|Any CPU
		{69FF09AC-D1A7-4E31-88AA-17951E3152AF}.Debug|Any CPU.ActiveCfg = Debug|Any CPU
		{69FF09AC-D1A7-4E31-88AA-17951E3152AF}.Debug|Any CPU.Build.0 = Debug|Any CPU
		{69FF09AC-D1A7-4E31-88AA-17951E3152AF}.Release|Any CPU.ActiveCfg = Release|Any CPU
		{69FF09AC-D1A7-4E31-88AA-17951E3152AF}.Release|Any CPU.Build.0 = Release|Any CPU
		{3D257B9B-2299-4C9D-AAD2-902CA6EE61DB}.Debug|Any CPU.ActiveCfg = Debug|Any CPU
		{3D257B9B-2299-4C9D-AAD2-902CA6EE61DB}.Debug|Any CPU.Build.0 = Debug|Any CPU
		{3D257B9B-2299-4C9D-AAD2-902CA6EE61DB}.Release|Any CPU.ActiveCfg = Release|Any CPU
		{3D257B9B-2299-4C9D-AAD2-902CA6EE61DB}.Release|Any CPU.Build.0 = Release|Any CPU
		{4E49A68A-A1D1-4F75-A5DE-A1F878C93AAB}.Debug|Any CPU.ActiveCfg = Debug|Any CPU
		{4E49A68A-A1D1-4F75-A5DE-A1F878C93AAB}.Debug|Any CPU.Build.0 = Debug|Any CPU
		{4E49A68A-A1D1-4F75-A5DE-A1F878C93AAB}.Release|Any CPU.ActiveCfg = Release|Any CPU
		{4E49A68A-A1D1-4F75-A5DE-A1F878C93AAB}.Release|Any CPU.Build.0 = Release|Any CPU
		{ACEF0369-C55C-4CF2-8A41-D1934703581E}.Debug|Any CPU.ActiveCfg = Debug|Any CPU
		{ACEF0369-C55C-4CF2-8A41-D1934703581E}.Debug|Any CPU.Build.0 = Debug|Any CPU
		{ACEF0369-C55C-4CF2-8A41-D1934703581E}.Release|Any CPU.ActiveCfg = Release|Any CPU
		{ACEF0369-C55C-4CF2-8A41-D1934703581E}.Release|Any CPU.Build.0 = Release|Any CPU
		{FCC6277D-F8F4-484B-96A5-1EF308A70621}.Debug|Any CPU.ActiveCfg = Debug|Any CPU
		{FCC6277D-F8F4-484B-96A5-1EF308A70621}.Debug|Any CPU.Build.0 = Debug|Any CPU
		{FCC6277D-F8F4-484B-96A5-1EF308A70621}.Release|Any CPU.ActiveCfg = Release|Any CPU
		{FCC6277D-F8F4-484B-96A5-1EF308A70621}.Release|Any CPU.Build.0 = Release|Any CPU
	EndGlobalSection
	GlobalSection(SolutionProperties) = preSolution
		HideSolutionNode = FALSE
	EndGlobalSection
	GlobalSection(NestedProjects) = preSolution
		{C3475B84-B531-42D4-A488-63601CA69A26} = {D40C1FB2-C92E-4797-8765-680F9705E4E5}
		{E30982CA-C935-4289-9639-2A0A311DD4A4} = {9B177BF5-EA18-4032-B931-CF8D1828073C}
		{8600B88A-1E00-4CF7-A3FF-56C63408F9A3} = {9B177BF5-EA18-4032-B931-CF8D1828073C}
		{D40C1FB2-C92E-4797-8765-680F9705E4E5} = {9B177BF5-EA18-4032-B931-CF8D1828073C}
		{B55F17BB-8253-4F0E-AFA6-F7A7224B9DD2} = {9B177BF5-EA18-4032-B931-CF8D1828073C}
		{F7A196D5-49A9-4A50-BDFB-42120C6E0C47} = {E30982CA-C935-4289-9639-2A0A311DD4A4}
		{72F677A9-78F9-4B56-BD80-9AA8CF2CC884} = {E30982CA-C935-4289-9639-2A0A311DD4A4}
		{F2C22B0B-32AE-47B1-A208-9F035BC6AB15} = {E30982CA-C935-4289-9639-2A0A311DD4A4}
		{28A0ADFF-BD7C-43DC-B83E-C11E026A8C22} = {8600B88A-1E00-4CF7-A3FF-56C63408F9A3}
		{E4F0A39E-1557-4808-9D6E-8220E96F87A0} = {8600B88A-1E00-4CF7-A3FF-56C63408F9A3}
		{69FF09AC-D1A7-4E31-88AA-17951E3152AF} = {B55F17BB-8253-4F0E-AFA6-F7A7224B9DD2}
		{3D257B9B-2299-4C9D-AAD2-902CA6EE61DB} = {B55F17BB-8253-4F0E-AFA6-F7A7224B9DD2}
		{4E49A68A-A1D1-4F75-A5DE-A1F878C93AAB} = {B55F17BB-8253-4F0E-AFA6-F7A7224B9DD2}
		{ACEF0369-C55C-4CF2-8A41-D1934703581E} = {B55F17BB-8253-4F0E-AFA6-F7A7224B9DD2}
		{FCC6277D-F8F4-484B-96A5-1EF308A70621} = {B55F17BB-8253-4F0E-AFA6-F7A7224B9DD2}
	EndGlobalSection
	GlobalSection(ExtensibilityGlobals) = postSolution
		SolutionGuid = {887E4443-C4F7-4E31-A6AE-AF1A510A8356}
	EndGlobalSection
EndGlobal
